{
  "object": {
    "pins": [
      {
        "package": "COpenSSL",
        "repositoryURL": "https://github.com/PerfectlySoft/Perfect-COpenSSL.git",
        "state": {
          "branch": null,
          "revision": "6976c2cdb7b74ec4d4f12f15db8a2655e38866e6",
          "version": "3.2.1"
        }
      },
      {
        "package": "PerfectCrypto",
        "repositoryURL": "https://github.com/PerfectlySoft/Perfect-Crypto.git",
        "state": {
          "branch": null,
          "revision": "54e0f7c2a9d7355fca3c23e0f88096ac3765e08b",
          "version": "3.1.2"
        }
      },
      {
        "package": "PerfectCURL",
        "repositoryURL": "https://github.com/PerfectlySoft/Perfect-CURL.git",
        "state": {
          "branch": null,
          "revision": "37c0f695499fcb3bb0b763614f9a37d0b72a17ce",
          "version": "4.0.1"
        }
      },
      {
        "package": "PerfectCZlib",
        "repositoryURL": "https://github.com/PerfectlySoft/Perfect-CZlib-src.git",
        "state": {
          "branch": null,
          "revision": "b63e46909aad937c6434766f8f8c6720d8f3bd05",
          "version": "0.0.4"
        }
      },
      {
        "package": "PerfectHTTP",
        "repositoryURL": "https://github.com/PerfectlySoft/Perfect-HTTP.git",
        "state": {
          "branch": null,
          "revision": "a730fecd51cc7adca74adb260f5bcc0ad1378583",
          "version": "3.2.6"
        }
      },
      {
        "package": "PerfectHTTPServer",
        "repositoryURL": "https://github.com/PerfectlySoft/Perfect-HTTPServer.git",
        "state": {
          "branch": null,
          "revision": "4843cd54762d59b7e70841663ae561b279b80946",
          "version": "3.0.23"
        }
      },
      {
        "package": "cURL",
        "repositoryURL": "https://github.com/PerfectlySoft/Perfect-libcurl.git",
        "state": {
          "branch": null,
          "revision": "b3d7e65ef5c27c0a027cdc621f34835975301bf1",
          "version": "2.1.0"
        }
      },
      {
        "package": "PerfectNet",
        "repositoryURL": "https://github.com/PerfectlySoft/Perfect-Net.git",
        "state": {
          "branch": null,
          "revision": "ff9d3bed8d8ea936968ace4c38dd77825123c0d0",
          "version": "3.2.2"
        }
      },
      {
        "package": "PerfectThread",
        "repositoryURL": "https://github.com/PerfectlySoft/Perfect-Thread.git",
        "state": {
          "branch": null,
          "revision": "fbbd7aec0ebe06fbeed58da54153226dd7613c4a",
          "version": "3.0.6"
        }
      },
      {
        "package": "PerfectLib",
        "repositoryURL": "https://github.com/PerfectlySoft/PerfectLib.git",
        "state": {
          "branch": null,
          "revision": "5a08c2a596df23a3ae30b6ac9cb509a38384166c",
          "version": "3.1.4"
        }
      },
      {
        "package": "Queuer",
        "repositoryURL": "https://github.com/FabrizioBrancati/Queuer.git",
        "state": {
          "branch": null,
          "revision": "2f2c9d1080387d65d77197ec4117afea351fd90f",
          "version": "2.1.0"
        }
      },
      {
        "package": "SwiftyJSON",
        "repositoryURL": "https://github.com/SwiftyJSON/SwiftyJSON.git",
        "state": {
          "branch": null,
          "revision": "2b6054efa051565954e1d2b9da831680026cd768",
          "version": "5.0.0"
        }
      }
    ]
  },
  "version": 1
}
