{
  "object": {
    "pins": [
      {
        "package": "Async",
        "repositoryURL": "https://github.com/duemunk/Async",
        "state": {
          "branch": null,
          "revision": "6868449ee0c1da13d48a78ee4d1e3c70170bb74c",
          "version": "2.0.4"
        }
      },
      {
        "package": "COpenSSL",
        "repositoryURL": "https://github.com/PerfectlySoft/Perfect-COpenSSL.git",
        "state": {
          "branch": null,
          "revision": "aa39c5503945abf36f6d8d0b632b6188288f999f",
          "version": "3.1.1"
        }
      },
      {
        "package": "PerfectCURL",
        "repositoryURL": "https://github.com/PerfectlySoft/Perfect-CURL.git",
        "state": {
          "branch": null,
          "revision": "b8a7f792cbacf6ce8867958a875952784cb3627e",
          "version": "3.0.1"
        }
      },
      {
        "package": "PerfectCZlib",
        "repositoryURL": "https://github.com/PerfectlySoft/Perfect-CZlib-src.git",
        "state": {
          "branch": null,
          "revision": "2002034d47e9d57a695fb33ad2e09f136868b406",
          "version": "0.0.3"
        }
      },
      {
        "package": "PerfectCrypto",
        "repositoryURL": "https://github.com/PerfectlySoft/Perfect-Crypto.git",
        "state": {
          "branch": null,
          "revision": "a440ab1dd8d3d87103312f1328bfb1648e7045e3",
          "version": "3.0.2"
        }
      },
      {
        "package": "PerfectHTTP",
        "repositoryURL": "https://github.com/PerfectlySoft/Perfect-HTTP.git",
        "state": {
          "branch": null,
          "revision": "605b169a0527c3169cbf672a75efeb5695f5d471",
          "version": "3.0.1"
        }
      },
      {
        "package": "PerfectHTTPServer",
        "repositoryURL": "https://github.com/PerfectlySoft/Perfect-HTTPServer.git",
        "state": {
          "branch": null,
          "revision": "c7ca425d062dca86eab3d6d14e4d91f6dc222db7",
          "version": "3.0.3"
        }
      },
      {
        "package": "PerfectLib",
        "repositoryURL": "https://github.com/PerfectlySoft/PerfectLib.git",
        "state": {
          "branch": null,
          "revision": "fc5186e209f0621fe50390ec1fb02bd9d3ef0e57",
          "version": "3.0.2"
        }
      },
      {
        "package": "PerfectNet",
        "repositoryURL": "https://github.com/PerfectlySoft/Perfect-Net.git",
        "state": {
          "branch": null,
          "revision": "5e137023e0373b3bdd46a5c80c3ec868fd1c383d",
          "version": "3.0.0"
        }
      },
      {
        "package": "PerfectThread",
        "repositoryURL": "https://github.com/PerfectlySoft/Perfect-Thread.git",
        "state": {
          "branch": null,
          "revision": "1846390a47bfe0c5263bb70ba318b2bbe751ac95",
          "version": "3.0.2"
        }
      },
      {
        "package": "SwiftyJSON",
        "repositoryURL": "https://github.com/SwiftyJSON/SwiftyJSON.git",
        "state": {
          "branch": null,
          "revision": "de309166a48a9dfc51d5bc4c55c0664d981de311",
          "version": "4.0.0"
        }
      },
      {
        "package": "cURL",
        "repositoryURL": "https://github.com/PerfectlySoft/Perfect-libcurl.git",
        "state": {
          "branch": null,
          "revision": "672f6695d9ae04fce16ad01decef0649e0b872b0",
          "version": "2.0.6"
        }
      }
    ]
  },
  "version": 1
}
